{
  "requires": true,
  "lockfileVersion": 1,
  "dependencies": {
    "@autopilot/teller": {
      "version": "github:autopilothq/tellerjs#2808a06c76d2c13a366219ca5e4b65deed473b2a",
      "requires": {
        "deepmerge": "2.0.1",
        "interval-polynomial": "0.0.0",
        "lru_map": "0.3.3",
        "nats": "0.7.24",
        "node-machine-id": "1.1.10",
        "pathivu": "0.0.0",
        "protobufjs": "github:autopilothq/protobuf.js#63d62004a6d09e820dc3107654f5556188581469",
        "righto": "3.2.0"
      }
    },
    "@protobufjs/aspromise": {
      "version": "1.1.2",
      "resolved": "https://registry.npmjs.org/@protobufjs/aspromise/-/aspromise-1.1.2.tgz",
      "integrity": "sha1-m4sMxmPWaafY9vXQiToU00jzD78="
    },
    "@protobufjs/base64": {
      "version": "1.1.2",
      "resolved": "https://registry.npmjs.org/@protobufjs/base64/-/base64-1.1.2.tgz",
      "integrity": "sha512-AZkcAA5vnN/v4PDqKyMR5lx7hZttPDgClv83E//FMNhR2TMcLUhfRUBHCmSl0oi9zMgDDqRUJkSxO3wm85+XLg=="
    },
    "@protobufjs/codegen": {
      "version": "2.0.4",
      "resolved": "https://registry.npmjs.org/@protobufjs/codegen/-/codegen-2.0.4.tgz",
      "integrity": "sha512-YyFaikqM5sH0ziFZCN3xDC7zeGaB/d0IUb9CATugHWbd1FRFwWwt4ld4OYMPWu5a3Xe01mGAULCdqhMlPl29Jg=="
    },
    "@protobufjs/eventemitter": {
      "version": "1.1.0",
      "resolved": "https://registry.npmjs.org/@protobufjs/eventemitter/-/eventemitter-1.1.0.tgz",
      "integrity": "sha1-NVy8mLr61ZePntCV85diHx0Ga3A="
    },
    "@protobufjs/fetch": {
      "version": "1.1.0",
      "resolved": "https://registry.npmjs.org/@protobufjs/fetch/-/fetch-1.1.0.tgz",
      "integrity": "sha1-upn7WYYUr2VwDBYZ/wbUVLDYTEU=",
      "requires": {
        "@protobufjs/aspromise": "1.1.2",
        "@protobufjs/inquire": "1.1.0"
      }
    },
    "@protobufjs/float": {
      "version": "1.0.2",
      "resolved": "https://registry.npmjs.org/@protobufjs/float/-/float-1.0.2.tgz",
      "integrity": "sha1-Xp4avctz/Ap8uLKR33jIy9l7h9E="
    },
    "@protobufjs/inquire": {
      "version": "1.1.0",
      "resolved": "https://registry.npmjs.org/@protobufjs/inquire/-/inquire-1.1.0.tgz",
      "integrity": "sha1-/yAOPnzyQp4tyvwRQIKOjMY48Ik="
    },
    "@protobufjs/path": {
      "version": "1.1.2",
      "resolved": "https://registry.npmjs.org/@protobufjs/path/-/path-1.1.2.tgz",
      "integrity": "sha1-bMKyDFya1q0NzP0hynZz2Nf79o0="
    },
    "@protobufjs/pool": {
      "version": "1.1.0",
      "resolved": "https://registry.npmjs.org/@protobufjs/pool/-/pool-1.1.0.tgz",
      "integrity": "sha1-Cf0V8tbTq/qbZbw2ZQbWrXhG/1Q="
    },
    "@protobufjs/utf8": {
      "version": "1.1.0",
      "resolved": "https://registry.npmjs.org/@protobufjs/utf8/-/utf8-1.1.0.tgz",
      "integrity": "sha1-p3c2C1s5oaLlEG+OhY8v0tBgxXA="
    },
    "@types/long": {
      "version": "3.0.32",
      "resolved": "https://registry.npmjs.org/@types/long/-/long-3.0.32.tgz",
      "integrity": "sha512-ZXyOOm83p7X8p3s0IYM3VeueNmHpkk/yMlP8CLeOnEcu6hIwPH7YjZBvhQkR0ZFS2DqZAxKtJ/M5fcuv3OU5BA=="
    },
    "@types/node": {
      "version": "7.0.52",
      "resolved": "https://registry.npmjs.org/@types/node/-/node-7.0.52.tgz",
      "integrity": "sha512-jjpyQsKGsOF/wUElNjfPULk+d8PKvJOIXk3IUeBYYmNCy5dMWfrI+JiixYNw8ppKOlcRwWTXFl0B+i5oGrf95Q=="
    },
    "abbott": {
      "version": "1.1.3",
      "resolved": "https://registry.npmjs.org/abbott/-/abbott-1.1.3.tgz",
      "integrity": "sha1-JvOtm7vb/+LFa1sDdU5ZgasOXlw="
    },
    "deepmerge": {
      "version": "2.0.1",
      "resolved": "https://registry.npmjs.org/deepmerge/-/deepmerge-2.0.1.tgz",
      "integrity": "sha512-VIPwiMJqJ13ZQfaCsIFnp5Me9tnjURiaIFxfz7EH0Ci0dTSQpZtSLrqOicXqEd/z2r+z+Klk9GzmnRsgpgbOsQ=="
    },
    "error-stack-parser": {
      "version": "2.0.1",
      "resolved": "https://registry.npmjs.org/error-stack-parser/-/error-stack-parser-2.0.1.tgz",
      "integrity": "sha1-oyArj7AxFKqbQKDjZp5IsrZaAQo=",
      "requires": {
        "stackframe": "1.0.4"
      }
    },
    "interval-polynomial": {
      "version": "0.0.0",
      "resolved": "https://registry.npmjs.org/interval-polynomial/-/interval-polynomial-0.0.0.tgz",
      "integrity": "sha512-kd86QZtEoGVMv0N0F2o6c5tqsyAl90bZ22mjBivN2M2P7WJ1oWEkwguHNtF8Ww2R9IxrDmMjzIThllZuX5cn3g=="
    },
    "long": {
      "version": "3.2.0",
      "resolved": "https://registry.npmjs.org/long/-/long-3.2.0.tgz",
      "integrity": "sha1-2CG3E4yhy1gcFymQ7xTbIAtcR0s="
    },
    "lru_map": {
      "version": "0.3.3",
      "resolved": "https://registry.npmjs.org/lru_map/-/lru_map-0.3.3.tgz",
      "integrity": "sha1-tcg1G5Rky9dQM1p5ZQoOwOVhGN0="
    },
    "nats": {
      "version": "0.7.24",
      "resolved": "https://registry.npmjs.org/nats/-/nats-0.7.24.tgz",
      "integrity": "sha1-fSdofC29iqYFipkP7mz1wb3Idig=",
      "requires": {
        "nuid": "0.6.14"
      }
    },
    "node-machine-id": {
      "version": "1.1.10",
      "resolved": "https://registry.npmjs.org/node-machine-id/-/node-machine-id-1.1.10.tgz",
      "integrity": "sha512-6SVxo3Ic2Qc09z1rCJh3No7ubizPLszImsMQnZZWfzeOC6SYU4orN214++c3ikB8uaP/A6dwSlO88A3ohI5oNA=="
    },
    "nuid": {
      "version": "0.6.14",
      "resolved": "https://registry.npmjs.org/nuid/-/nuid-0.6.14.tgz",
      "integrity": "sha1-oiXItyDkbFY62NE2QTaGafbCW0g="
    },
    "pathivu": {
      "version": "0.0.0",
      "resolved": "https://registry.npmjs.org/pathivu/-/pathivu-0.0.0.tgz",
      "integrity": "sha512-eN+uInpYopYE4wjf3D6utCntdUpnFfMthAcIIY5G4Sfw2M2EYP+2xxIUK4T6ObnuZzo6HgPKpoe6B0CrS4nOJw==",
      "requires": {
        "error-stack-parser": "2.0.1"
      }
    },
    "protobufjs": {
      "version": "github:autopilothq/protobuf.js#63d62004a6d09e820dc3107654f5556188581469",
      "requires": {
        "@protobufjs/aspromise": "1.1.2",
        "@protobufjs/base64": "1.1.2",
        "@protobufjs/codegen": "2.0.4",
        "@protobufjs/eventemitter": "1.1.0",
        "@protobufjs/fetch": "1.1.0",
        "@protobufjs/float": "1.0.2",
        "@protobufjs/path": "1.1.2",
        "@protobufjs/pool": "1.1.0",
        "@protobufjs/utf8": "1.1.0",
        "@types/long": "3.0.32",
        "@types/node": "7.0.52",
        "long": "3.2.0"
      }
    },
    "righto": {
      "version": "3.2.0",
      "resolved": "https://registry.npmjs.org/righto/-/righto-3.2.0.tgz",
      "integrity": "sha512-aa1GzxyRb39r/jJsFLxOfe3gVkC5Yq2xqlk/G4h15xoMVqTbUs8epADGI05CZc+wypBap1wXy5JumAqMgDc2EQ==",
      "requires": {
        "abbott": "1.1.3"
      }
    },
    "stackframe": {
      "version": "1.0.4",
      "resolved": "https://registry.npmjs.org/stackframe/-/stackframe-1.0.4.tgz",
      "integrity": "sha512-to7oADIniaYwS3MhtCa/sQhrxidCCQiF/qp4/m5iN3ipf0Y7Xlri0f6eG29r08aL7JYl8n32AF3Q5GYBZ7K8vw=="
    }
  }
}
